PODS:
  - Alamofire (5.0.5)
  - AnimatableReload (0.2.0)
  - IQKeyboardManager (6.5.9)
  - RxCocoa (5.1.3):
    - RxRelay (~> 5)
    - RxSwift (~> 5)
  - RxRelay (5.1.3):
    - RxSwift (~> 5)
  - RxSwift (5.1.3)
  - SDWebImage (5.12.5):
    - SDWebImage/Core (= 5.12.5)
  - SDWebImage/Core (5.12.5)
  - SwiftyJSON (5.0.1)

DEPENDENCIES:
  - Alamofire (~> 5.0.0-rc.3)
  - AnimatableReload
  - IQKeyboardManager
  - RxCocoa (~> 5.1.0)
  - RxSwift (~> 5.1.0)
  - SDWebImage
  - SwiftyJSON

SPEC REPOS:
  trunk:
    - Alamofire
    - AnimatableReload
    - IQKeyboardManager
    - RxCocoa
    - RxRelay
    - RxSwift
    - SDWebImage
    - SwiftyJSON

SPEC CHECKSUMS:
  Alamofire: df2f8f826963b08b9a870791ad48e07a10090b2e
  AnimatableReload: 9576d3019bfb103f76b5f37fa6f8915bd8307527
  IQKeyboardManager: 241cc94ccabc9deb8f8bd7d12f00d73288d13ecc
  RxCocoa: e2ed092d5432e4296aa818021d27de4090ac0354
  RxRelay: 5a18c2eb2d68326ebaf0112f80d837ae41b92b97
  RxSwift: 915abbdfb62214aa89ccd0b194d44fb478019b27
  SDWebImage: 0905f1b7760fc8ac4198cae0036600d67478751e
  SwiftyJSON: 2f33a42c6fbc52764d96f13368585094bfd8aa5e

PODFILE CHECKSUM: 61b1416a0cd3dbb18408700f31c990702b4970ee

COCOAPODS: 1.11.2
